// !$*UTF8*$!
{
	archiveVersion = 1;
	classes = {
	};
	objectVersion = 50;
	objects = {

/* Begin PBXBuildFile section */
		131F9DAADFB3ABB6E624DDCD /* libPods-ourappTests.a in Frameworks */ = {isa = PBXBuildFile; fileRef = 0418A03ED6785F5EED921DDA /* libPods-ourappTests.a */; };
		41CDF0A2859922F1AA5FC2EE /* libPods-ourapp.a in Frameworks */ = {isa = PBXBuildFile; fileRef = 190C67AFE0FA973285493989 /* libPods-ourapp.a */; };
		4C2492902217E09B00D9E4F0 /* AppDelegate.m in Sources */ = {isa = PBXBuildFile; fileRef = 4C24928F2217E09B00D9E4F0 /* AppDelegate.m */; };
		4C2492932217E09B00D9E4F0 /* ViewController.m in Sources */ = {isa = PBXBuildFile; fileRef = 4C2492922217E09B00D9E4F0 /* ViewController.m */; };
		4C2492962217E09B00D9E4F0 /* Main.storyboard in Resources */ = {isa = PBXBuildFile; fileRef = 4C2492942217E09B00D9E4F0 /* Main.storyboard */; };
		4C2492982217E09C00D9E4F0 /* Assets.xcassets in Resources */ = {isa = PBXBuildFile; fileRef = 4C2492972217E09C00D9E4F0 /* Assets.xcassets */; };
		4C24929B2217E09C00D9E4F0 /* LaunchScreen.storyboard in Resources */ = {isa = PBXBuildFile; fileRef = 4C2492992217E09C00D9E4F0 /* LaunchScreen.storyboard */; };
		4C24929E2217E09C00D9E4F0 /* main.m in Sources */ = {isa = PBXBuildFile; fileRef = 4C24929D2217E09C00D9E4F0 /* main.m */; };
		4C2492A82217E09C00D9E4F0 /* ourappTests.m in Sources */ = {isa = PBXBuildFile; fileRef = 4C2492A72217E09C00D9E4F0 /* ourappTests.m */; };
		4C2492B32217E09C00D9E4F0 /* ourappUITests.m in Sources */ = {isa = PBXBuildFile; fileRef = 4C2492B22217E09C00D9E4F0 /* ourappUITests.m */; };
		F6A65B6B6158016A5AE4FD46 /* libPods-ourappUITests.a in Frameworks */ = {isa = PBXBuildFile; fileRef = 62A10E11FB9853A4434AF4D1 /* libPods-ourappUITests.a */; };
/* End PBXBuildFile section */

/* Begin PBXContainerItemProxy section */
		4C2492A42217E09C00D9E4F0 /* PBXContainerItemProxy */ = {
			isa = PBXContainerItemProxy;
			containerPortal = 4C2492832217E09B00D9E4F0 /* Project object */;
			proxyType = 1;
			remoteGlobalIDString = 4C24928A2217E09B00D9E4F0;
			remoteInfo = ourapp;
		};
		4C2492AF2217E09C00D9E4F0 /* PBXContainerItemProxy */ = {
			isa = PBXContainerItemProxy;
			containerPortal = 4C2492832217E09B00D9E4F0 /* Project object */;
			proxyType = 1;
			remoteGlobalIDString = 4C24928A2217E09B00D9E4F0;
			remoteInfo = ourapp;
		};
/* End PBXContainerItemProxy section */

/* Begin PBXFileReference section */
		0418A03ED6785F5EED921DDA /* libPods-ourappTests.a */ = {isa = PBXFileReference; explicitFileType = archive.ar; includeInIndex = 0; path = "libPods-ourappTests.a"; sourceTree = BUILT_PRODUCTS_DIR; };
		190C67AFE0FA973285493989 /* libPods-ourapp.a */ = {isa = PBXFileReference; explicitFileType = archive.ar; includeInIndex = 0; path = "libPods-ourapp.a"; sourceTree = BUILT_PRODUCTS_DIR; };
		2FCC785BF9EEE97623008F83 /* Pods-ourappTests.debug.xcconfig */ = {isa = PBXFileReference; includeInIndex = 1; lastKnownFileType = text.xcconfig; name = "Pods-ourappTests.debug.xcconfig"; path = "Target Support Files/Pods-ourappTests/Pods-ourappTests.debug.xcconfig"; sourceTree = "<group>"; };
		4C24928B2217E09B00D9E4F0 /* ourapp.app */ = {isa = PBXFileReference; explicitFileType = wrapper.application; includeInIndex = 0; path = ourapp.app; sourceTree = BUILT_PRODUCTS_DIR; };
		4C24928E2217E09B00D9E4F0 /* AppDelegate.h */ = {isa = PBXFileReference; lastKnownFileType = sourcecode.c.h; path = AppDelegate.h; sourceTree = "<group>"; };
		4C24928F2217E09B00D9E4F0 /* AppDelegate.m */ = {isa = PBXFileReference; lastKnownFileType = sourcecode.c.objc; path = AppDelegate.m; sourceTree = "<group>"; };
		4C2492912217E09B00D9E4F0 /* ViewController.h */ = {isa = PBXFileReference; lastKnownFileType = sourcecode.c.h; path = ViewController.h; sourceTree = "<group>"; };
		4C2492922217E09B00D9E4F0 /* ViewController.m */ = {isa = PBXFileReference; lastKnownFileType = sourcecode.c.objc; path = ViewController.m; sourceTree = "<group>"; };
		4C2492952217E09B00D9E4F0 /* Base */ = {isa = PBXFileReference; lastKnownFileType = file.storyboard; name = Base; path = Base.lproj/Main.storyboard; sourceTree = "<group>"; };
		4C2492972217E09C00D9E4F0 /* Assets.xcassets */ = {isa = PBXFileReference; lastKnownFileType = folder.assetcatalog; path = Assets.xcassets; sourceTree = "<group>"; };
		4C24929A2217E09C00D9E4F0 /* Base */ = {isa = PBXFileReference; lastKnownFileType = file.storyboard; name = Base; path = Base.lproj/LaunchScreen.storyboard; sourceTree = "<group>"; };
		4C24929C2217E09C00D9E4F0 /* Info.plist */ = {isa = PBXFileReference; lastKnownFileType = text.plist.xml; path = Info.plist; sourceTree = "<group>"; };
		4C24929D2217E09C00D9E4F0 /* main.m */ = {isa = PBXFileReference; lastKnownFileType = sourcecode.c.objc; path = main.m; sourceTree = "<group>"; };
		4C2492A32217E09C00D9E4F0 /* ourappTests.xctest */ = {isa = PBXFileReference; explicitFileType = wrapper.cfbundle; includeInIndex = 0; path = ourappTests.xctest; sourceTree = BUILT_PRODUCTS_DIR; };
		4C2492A72217E09C00D9E4F0 /* ourappTests.m */ = {isa = PBXFileReference; lastKnownFileType = sourcecode.c.objc; path = ourappTests.m; sourceTree = "<group>"; };
		4C2492A92217E09C00D9E4F0 /* Info.plist */ = {isa = PBXFileReference; lastKnownFileType = text.plist.xml; path = Info.plist; sourceTree = "<group>"; };
		4C2492AE2217E09C00D9E4F0 /* ourappUITests.xctest */ = {isa = PBXFileReference; explicitFileType = wrapper.cfbundle; includeInIndex = 0; path = ourappUITests.xctest; sourceTree = BUILT_PRODUCTS_DIR; };
		4C2492B22217E09C00D9E4F0 /* ourappUITests.m */ = {isa = PBXFileReference; lastKnownFileType = sourcecode.c.objc; path = ourappUITests.m; sourceTree = "<group>"; };
		4C2492B42217E09C00D9E4F0 /* Info.plist */ = {isa = PBXFileReference; lastKnownFileType = text.plist.xml; path = Info.plist; sourceTree = "<group>"; };
		5AE74C792A3010E130FE46BA /* Pods-ourappUITests.debug.xcconfig */ = {isa = PBXFileReference; includeInIndex = 1; lastKnownFileType = text.xcconfig; name = "Pods-ourappUITests.debug.xcconfig"; path = "Target Support Files/Pods-ourappUITests/Pods-ourappUITests.debug.xcconfig"; sourceTree = "<group>"; };
		62A10E11FB9853A4434AF4D1 /* libPods-ourappUITests.a */ = {isa = PBXFileReference; explicitFileType = archive.ar; includeInIndex = 0; path = "libPods-ourappUITests.a"; sourceTree = BUILT_PRODUCTS_DIR; };
		9165F1B902EC14B919E4252A /* Pods-ourapp.release.xcconfig */ = {isa = PBXFileReference; includeInIndex = 1; lastKnownFileType = text.xcconfig; name = "Pods-ourapp.release.xcconfig"; path = "Target Support Files/Pods-ourapp/Pods-ourapp.release.xcconfig"; sourceTree = "<group>"; };
		A3E8B45E654AD2CD8C99DCCD /* Pods-ourappTests.release.xcconfig */ = {isa = PBXFileReference; includeInIndex = 1; lastKnownFileType = text.xcconfig; name = "Pods-ourappTests.release.xcconfig"; path = "Target Support Files/Pods-ourappTests/Pods-ourappTests.release.xcconfig"; sourceTree = "<group>"; };
		DD43540D35D8A22120C055E5 /* Pods-ourappUITests.release.xcconfig */ = {isa = PBXFileReference; includeInIndex = 1; lastKnownFileType = text.xcconfig; name = "Pods-ourappUITests.release.xcconfig"; path = "Target Support Files/Pods-ourappUITests/Pods-ourappUITests.release.xcconfig"; sourceTree = "<group>"; };
		E235DF3345612DFB6CFDF543 /* Pods-ourapp.debug.xcconfig */ = {isa = PBXFileReference; includeInIndex = 1; lastKnownFileType = text.xcconfig; name = "Pods-ourapp.debug.xcconfig"; path = "Target Support Files/Pods-ourapp/Pods-ourapp.debug.xcconfig"; sourceTree = "<group>"; };
/* End PBXFileReference section */

/* Begin PBXFrameworksBuildPhase section */
		4C2492882217E09B00D9E4F0 /* Frameworks */ = {
			isa = PBXFrameworksBuildPhase;
			buildActionMask = 2147483647;
			files = (
				41CDF0A2859922F1AA5FC2EE /* libPods-ourapp.a in Frameworks */,
			);
			runOnlyForDeploymentPostprocessing = 0;
		};
		4C2492A02217E09C00D9E4F0 /* Frameworks */ = {
			isa = PBXFrameworksBuildPhase;
			buildActionMask = 2147483647;
			files = (
				131F9DAADFB3ABB6E624DDCD /* libPods-ourappTests.a in Frameworks */,
			);
			runOnlyForDeploymentPostprocessing = 0;
		};
		4C2492AB2217E09C00D9E4F0 /* Frameworks */ = {
			isa = PBXFrameworksBuildPhase;
			buildActionMask = 2147483647;
			files = (
				F6A65B6B6158016A5AE4FD46 /* libPods-ourappUITests.a in Frameworks */,
			);
			runOnlyForDeploymentPostprocessing = 0;
		};
/* End PBXFrameworksBuildPhase section */

/* Begin PBXGroup section */
		4C2492822217E09B00D9E4F0 = {
			isa = PBXGroup;
			children = (
				4C24928D2217E09B00D9E4F0 /* ourapp */,
				4C2492A62217E09C00D9E4F0 /* ourappTests */,
				4C2492B12217E09C00D9E4F0 /* ourappUITests */,
				4C24928C2217E09B00D9E4F0 /* Products */,
				61205E572917EB1A0B81EC1B /* Pods */,
				E11420758AA152B40CDB1FAA /* Frameworks */,
			);
			sourceTree = "<group>";
		};
		4C24928C2217E09B00D9E4F0 /* Products */ = {
			isa = PBXGroup;
			children = (
				4C24928B2217E09B00D9E4F0 /* ourapp.app */,
				4C2492A32217E09C00D9E4F0 /* ourappTests.xctest */,
				4C2492AE2217E09C00D9E4F0 /* ourappUITests.xctest */,
			);
			name = Products;
			sourceTree = "<group>";
		};
		4C24928D2217E09B00D9E4F0 /* ourapp */ = {
			isa = PBXGroup;
			children = (
				4C24928E2217E09B00D9E4F0 /* AppDelegate.h */,
				4C24928F2217E09B00D9E4F0 /* AppDelegate.m */,
				4C2492912217E09B00D9E4F0 /* ViewController.h */,
				4C2492922217E09B00D9E4F0 /* ViewController.m */,
				4C2492942217E09B00D9E4F0 /* Main.storyboard */,
				4C2492972217E09C00D9E4F0 /* Assets.xcassets */,
				4C2492992217E09C00D9E4F0 /* LaunchScreen.storyboard */,
				4C24929C2217E09C00D9E4F0 /* Info.plist */,
				4C24929D2217E09C00D9E4F0 /* main.m */,
			);
			path = ourapp;
			sourceTree = "<group>";
		};
		4C2492A62217E09C00D9E4F0 /* ourappTests */ = {
			isa = PBXGroup;
			children = (
				4C2492A72217E09C00D9E4F0 /* ourappTests.m */,
				4C2492A92217E09C00D9E4F0 /* Info.plist */,
			);
			path = ourappTests;
			sourceTree = "<group>";
		};
		4C2492B12217E09C00D9E4F0 /* ourappUITests */ = {
			isa = PBXGroup;
			children = (
				4C2492B22217E09C00D9E4F0 /* ourappUITests.m */,
				4C2492B42217E09C00D9E4F0 /* Info.plist */,
			);
			path = ourappUITests;
			sourceTree = "<group>";
		};
		61205E572917EB1A0B81EC1B /* Pods */ = {
			isa = PBXGroup;
			children = (
				E235DF3345612DFB6CFDF543 /* Pods-ourapp.debug.xcconfig */,
				9165F1B902EC14B919E4252A /* Pods-ourapp.release.xcconfig */,
				2FCC785BF9EEE97623008F83 /* Pods-ourappTests.debug.xcconfig */,
				A3E8B45E654AD2CD8C99DCCD /* Pods-ourappTests.release.xcconfig */,
				5AE74C792A3010E130FE46BA /* Pods-ourappUITests.debug.xcconfig */,
				DD43540D35D8A22120C055E5 /* Pods-ourappUITests.release.xcconfig */,
			);
			name = Pods;
			path = Pods;
			sourceTree = "<group>";
		};
		E11420758AA152B40CDB1FAA /* Frameworks */ = {
			isa = PBXGroup;
			children = (
				190C67AFE0FA973285493989 /* libPods-ourapp.a */,
				0418A03ED6785F5EED921DDA /* libPods-ourappTests.a */,
				62A10E11FB9853A4434AF4D1 /* libPods-ourappUITests.a */,
			);
			name = Frameworks;
			sourceTree = "<group>";
		};
/* End PBXGroup section */

/* Begin PBXNativeTarget section */
		4C24928A2217E09B00D9E4F0 /* ourapp */ = {
			isa = PBXNativeTarget;
			buildConfigurationList = 4C2492B72217E09C00D9E4F0 /* Build configuration list for PBXNativeTarget "ourapp" */;
			buildPhases = (
				077A903B774FB95A65C73035 /* [CP] Check Pods Manifest.lock */,
				4C2492872217E09B00D9E4F0 /* Sources */,
				4C2492882217E09B00D9E4F0 /* Frameworks */,
				4C2492892217E09B00D9E4F0 /* Resources */,
				A013614F134FE9C6C713E251 /* [CP] Copy Pods Resources */,
			);
			buildRules = (
			);
			dependencies = (
			);
			name = ourapp;
			productName = ourapp;
			productReference = 4C24928B2217E09B00D9E4F0 /* ourapp.app */;
			productType = "com.apple.product-type.application";
		};
		4C2492A22217E09C00D9E4F0 /* ourappTests */ = {
			isa = PBXNativeTarget;
			buildConfigurationList = 4C2492BA2217E09C00D9E4F0 /* Build configuration list for PBXNativeTarget "ourappTests" */;
			buildPhases = (
				50C8072A022A5CE40BDC6E66 /* [CP] Check Pods Manifest.lock */,
				4C24929F2217E09C00D9E4F0 /* Sources */,
				4C2492A02217E09C00D9E4F0 /* Frameworks */,
				4C2492A12217E09C00D9E4F0 /* Resources */,
			);
			buildRules = (
			);
			dependencies = (
				4C2492A52217E09C00D9E4F0 /* PBXTargetDependency */,
			);
			name = ourappTests;
			productName = ourappTests;
			productReference = 4C2492A32217E09C00D9E4F0 /* ourappTests.xctest */;
			productType = "com.apple.product-type.bundle.unit-test";
		};
		4C2492AD2217E09C00D9E4F0 /* ourappUITests */ = {
			isa = PBXNativeTarget;
			buildConfigurationList = 4C2492BD2217E09C00D9E4F0 /* Build configuration list for PBXNativeTarget "ourappUITests" */;
			buildPhases = (
				2F14E104258DCA0CC1FB92FE /* [CP] Check Pods Manifest.lock */,
				4C2492AA2217E09C00D9E4F0 /* Sources */,
				4C2492AB2217E09C00D9E4F0 /* Frameworks */,
				4C2492AC2217E09C00D9E4F0 /* Resources */,
			);
			buildRules = (
			);
			dependencies = (
				4C2492B02217E09C00D9E4F0 /* PBXTargetDependency */,
			);
			name = ourappUITests;
			productName = ourappUITests;
			productReference = 4C2492AE2217E09C00D9E4F0 /* ourappUITests.xctest */;
			productType = "com.apple.product-type.bundle.ui-testing";
		};
/* End PBXNativeTarget section */

/* Begin PBXProject section */
		4C2492832217E09B00D9E4F0 /* Project object */ = {
			isa = PBXProject;
			attributes = {
				LastUpgradeCheck = 1010;
				ORGANIZATIONNAME = "Ginger Dudley";
				TargetAttributes = {
					4C24928A2217E09B00D9E4F0 = {
						CreatedOnToolsVersion = 10.1;
					};
					4C2492A22217E09C00D9E4F0 = {
						CreatedOnToolsVersion = 10.1;
						TestTargetID = 4C24928A2217E09B00D9E4F0;
					};
					4C2492AD2217E09C00D9E4F0 = {
						CreatedOnToolsVersion = 10.1;
						TestTargetID = 4C24928A2217E09B00D9E4F0;
					};
				};
			};
			buildConfigurationList = 4C2492862217E09B00D9E4F0 /* Build configuration list for PBXProject "ourapp" */;
			compatibilityVersion = "Xcode 9.3";
			developmentRegion = en;
			hasScannedForEncodings = 0;
			knownRegions = (
				en,
				Base,
			);
			mainGroup = 4C2492822217E09B00D9E4F0;
			productRefGroup = 4C24928C2217E09B00D9E4F0 /* Products */;
			projectDirPath = "";
			projectRoot = "";
			targets = (
				4C24928A2217E09B00D9E4F0 /* ourapp */,
				4C2492A22217E09C00D9E4F0 /* ourappTests */,
				4C2492AD2217E09C00D9E4F0 /* ourappUITests */,
			);
		};
/* End PBXProject section */

/* Begin PBXResourcesBuildPhase section */
		4C2492892217E09B00D9E4F0 /* Resources */ = {
			isa = PBXResourcesBuildPhase;
			buildActionMask = 2147483647;
			files = (
				4C24929B2217E09C00D9E4F0 /* LaunchScreen.storyboard in Resources */,
				4C2492982217E09C00D9E4F0 /* Assets.xcassets in Resources */,
				4C2492962217E09B00D9E4F0 /* Main.storyboard in Resources */,
			);
			runOnlyForDeploymentPostprocessing = 0;
		};
		4C2492A12217E09C00D9E4F0 /* Resources */ = {
			isa = PBXResourcesBuildPhase;
			buildActionMask = 2147483647;
			files = (
			);
			runOnlyForDeploymentPostprocessing = 0;
		};
		4C2492AC2217E09C00D9E4F0 /* Resources */ = {
			isa = PBXResourcesBuildPhase;
			buildActionMask = 2147483647;
			files = (
			);
			runOnlyForDeploymentPostprocessing = 0;
		};
/* End PBXResourcesBuildPhase section */

/* Begin PBXShellScriptBuildPhase section */
		077A903B774FB95A65C73035 /* [CP] Check Pods Manifest.lock */ = {
			isa = PBXShellScriptBuildPhase;
			buildActionMask = 2147483647;
			files = (
			);
			inputFileListPaths = (
			);
			inputPaths = (
				"${PODS_PODFILE_DIR_PATH}/Podfile.lock",
				"${PODS_ROOT}/Manifest.lock",
			);
			name = "[CP] Check Pods Manifest.lock";
			outputFileListPaths = (
			);
			outputPaths = (
				"$(DERIVED_FILE_DIR)/Pods-ourapp-checkManifestLockResult.txt",
			);
			runOnlyForDeploymentPostprocessing = 0;
			shellPath = /bin/sh;
			shellScript = "diff \"${PODS_PODFILE_DIR_PATH}/Podfile.lock\" \"${PODS_ROOT}/Manifest.lock\" > /dev/null\nif [ $? != 0 ] ; then\n    # print error to STDERR\n    echo \"error: The sandbox is not in sync with the Podfile.lock. Run 'pod install' or update your CocoaPods installation.\" >&2\n    exit 1\nfi\n# This output is used by Xcode 'outputs' to avoid re-running this script phase.\necho \"SUCCESS\" > \"${SCRIPT_OUTPUT_FILE_0}\"\n";
			showEnvVarsInLog = 0;
		};
		2F14E104258DCA0CC1FB92FE /* [CP] Check Pods Manifest.lock */ = {
			isa = PBXShellScriptBuildPhase;
			buildActionMask = 2147483647;
			files = (
			);
			inputFileListPaths = (
			);
			inputPaths = (
				"${PODS_PODFILE_DIR_PATH}/Podfile.lock",
				"${PODS_ROOT}/Manifest.lock",
			);
			name = "[CP] Check Pods Manifest.lock";
			outputFileListPaths = (
			);
			outputPaths = (
				"$(DERIVED_FILE_DIR)/Pods-ourappUITests-checkManifestLockResult.txt",
			);
			runOnlyForDeploymentPostprocessing = 0;
			shellPath = /bin/sh;
			shellScript = "diff \"${PODS_PODFILE_DIR_PATH}/Podfile.lock\" \"${PODS_ROOT}/Manifest.lock\" > /dev/null\nif [ $? != 0 ] ; then\n    # print error to STDERR\n    echo \"error: The sandbox is not in sync with the Podfile.lock. Run 'pod install' or update your CocoaPods installation.\" >&2\n    exit 1\nfi\n# This output is used by Xcode 'outputs' to avoid re-running this script phase.\necho \"SUCCESS\" > \"${SCRIPT_OUTPUT_FILE_0}\"\n";
			showEnvVarsInLog = 0;
		};
		50C8072A022A5CE40BDC6E66 /* [CP] Check Pods Manifest.lock */ = {
			isa = PBXShellScriptBuildPhase;
			buildActionMask = 2147483647;
			files = (
			);
			inputFileListPaths = (
			);
			inputPaths = (
				"${PODS_PODFILE_DIR_PATH}/Podfile.lock",
				"${PODS_ROOT}/Manifest.lock",
			);
			name = "[CP] Check Pods Manifest.lock";
			outputFileListPaths = (
			);
			outputPaths = (
				"$(DERIVED_FILE_DIR)/Pods-ourappTests-checkManifestLockResult.txt",
			);
			runOnlyForDeploymentPostprocessing = 0;
			shellPath = /bin/sh;
			shellScript = "diff \"${PODS_PODFILE_DIR_PATH}/Podfile.lock\" \"${PODS_ROOT}/Manifest.lock\" > /dev/null\nif [ $? != 0 ] ; then\n    # print error to STDERR\n    echo \"error: The sandbox is not in sync with the Podfile.lock. Run 'pod install' or update your CocoaPods installation.\" >&2\n    exit 1\nfi\n# This output is used by Xcode 'outputs' to avoid re-running this script phase.\necho \"SUCCESS\" > \"${SCRIPT_OUTPUT_FILE_0}\"\n";
			showEnvVarsInLog = 0;
		};
		A013614F134FE9C6C713E251 /* [CP] Copy Pods Resources */ = {
			isa = PBXShellScriptBuildPhase;
			buildActionMask = 2147483647;
			files = (
			);
			inputFileListPaths = (
			);
			inputPaths = (
				"${PODS_ROOT}/Target Support Files/Pods-ourapp/Pods-ourapp-resources.sh",
				"${PODS_CONFIGURATION_BUILD_DIR}/Parse/Parse.bundle",
			);
			name = "[CP] Copy Pods Resources";
			outputFileListPaths = (
			);
			outputPaths = (
				"${TARGET_BUILD_DIR}/${UNLOCALIZED_RESOURCES_FOLDER_PATH}/Parse.bundle",
			);
			runOnlyForDeploymentPostprocessing = 0;
			shellPath = /bin/sh;
			shellScript = "\"${PODS_ROOT}/Target Support Files/Pods-ourapp/Pods-ourapp-resources.sh\"\n";
			showEnvVarsInLog = 0;
		};
/* End PBXShellScriptBuildPhase section */

/* Begin PBXSourcesBuildPhase section */
		4C2492872217E09B00D9E4F0 /* Sources */ = {
			isa = PBXSourcesBuildPhase;
			buildActionMask = 2147483647;
			files = (
				4C2492932217E09B00D9E4F0 /* ViewController.m in Sources */,
				4C24929E2217E09C00D9E4F0 /* main.m in Sources */,
				4C2492902217E09B00D9E4F0 /* AppDelegate.m in Sources */,
			);
			runOnlyForDeploymentPostprocessing = 0;
		};
		4C24929F2217E09C00D9E4F0 /* Sources */ = {
			isa = PBXSourcesBuildPhase;
			buildActionMask = 2147483647;
			files = (
				4C2492A82217E09C00D9E4F0 /* ourappTests.m in Sources */,
			);
			runOnlyForDeploymentPostprocessing = 0;
		};
		4C2492AA2217E09C00D9E4F0 /* Sources */ = {
			isa = PBXSourcesBuildPhase;
			buildActionMask = 2147483647;
			files = (
				4C2492B32217E09C00D9E4F0 /* ourappUITests.m in Sources */,
			);
			runOnlyForDeploymentPostprocessing = 0;
		};
/* End PBXSourcesBuildPhase section */

/* Begin PBXTargetDependency section */
		4C2492A52217E09C00D9E4F0 /* PBXTargetDependency */ = {
			isa = PBXTargetDependency;
			target = 4C24928A2217E09B00D9E4F0 /* ourapp */;
			targetProxy = 4C2492A42217E09C00D9E4F0 /* PBXContainerItemProxy */;
		};
		4C2492B02217E09C00D9E4F0 /* PBXTargetDependency */ = {
			isa = PBXTargetDependency;
			target = 4C24928A2217E09B00D9E4F0 /* ourapp */;
			targetProxy = 4C2492AF2217E09C00D9E4F0 /* PBXContainerItemProxy */;
		};
/* End PBXTargetDependency section */

/* Begin PBXVariantGroup section */
		4C2492942217E09B00D9E4F0 /* Main.storyboard */ = {
			isa = PBXVariantGroup;
			children = (
				4C2492952217E09B00D9E4F0 /* Base */,
			);
			name = Main.storyboard;
			sourceTree = "<group>";
		};
		4C2492992217E09C00D9E4F0 /* LaunchScreen.storyboard */ = {
			isa = PBXVariantGroup;
			children = (
				4C24929A2217E09C00D9E4F0 /* Base */,
			);
			name = LaunchScreen.storyboard;
			sourceTree = "<group>";
		};
/* End PBXVariantGroup section */

/* Begin XCBuildConfiguration section */
		4C2492B52217E09C00D9E4F0 /* Debug */ = {
			isa = XCBuildConfiguration;
			buildSettings = {
				ALWAYS_SEARCH_USER_PATHS = NO;
				CLANG_ANALYZER_NONNULL = YES;
				CLANG_ANALYZER_NUMBER_OBJECT_CONVERSION = YES_AGGRESSIVE;
				CLANG_CXX_LANGUAGE_STANDARD = "gnu++14";
				CLANG_CXX_LIBRARY = "libc++";
				CLANG_ENABLE_MODULES = YES;
				CLANG_ENABLE_OBJC_ARC = YES;
				CLANG_ENABLE_OBJC_WEAK = YES;
				CLANG_WARN_BLOCK_CAPTURE_AUTORELEASING = YES;
				CLANG_WARN_BOOL_CONVERSION = YES;
				CLANG_WARN_COMMA = YES;
				CLANG_WARN_CONSTANT_CONVERSION = YES;
				CLANG_WARN_DEPRECATED_OBJC_IMPLEMENTATIONS = YES;
				CLANG_WARN_DIRECT_OBJC_ISA_USAGE = YES_ERROR;
				CLANG_WARN_DOCUMENTATION_COMMENTS = YES;
				CLANG_WARN_EMPTY_BODY = YES;
				CLANG_WARN_ENUM_CONVERSION = YES;
				CLANG_WARN_INFINITE_RECURSION = YES;
				CLANG_WARN_INT_CONVERSION = YES;
				CLANG_WARN_NON_LITERAL_NULL_CONVERSION = YES;
				CLANG_WARN_OBJC_IMPLICIT_RETAIN_SELF = YES;
				CLANG_WARN_OBJC_LITERAL_CONVERSION = YES;
				CLANG_WARN_OBJC_ROOT_CLASS = YES_ERROR;
				CLANG_WARN_RANGE_LOOP_ANALYSIS = YES;
				CLANG_WARN_STRICT_PROTOTYPES = YES;
				CLANG_WARN_SUSPICIOUS_MOVE = YES;
				CLANG_WARN_UNGUARDED_AVAILABILITY = YES_AGGRESSIVE;
				CLANG_WARN_UNREACHABLE_CODE = YES;
				CLANG_WARN__DUPLICATE_METHOD_MATCH = YES;
				CODE_SIGN_IDENTITY = "iPhone Developer";
				COPY_PHASE_STRIP = NO;
				DEBUG_INFORMATION_FORMAT = dwarf;
				ENABLE_STRICT_OBJC_MSGSEND = YES;
				ENABLE_TESTABILITY = YES;
				GCC_C_LANGUAGE_STANDARD = gnu11;
				GCC_DYNAMIC_NO_PIC = NO;
				GCC_NO_COMMON_BLOCKS = YES;
				GCC_OPTIMIZATION_LEVEL = 0;
				GCC_PREPROCESSOR_DEFINITIONS = (
					"DEBUG=1",
					"$(inherited)",
				);
				GCC_WARN_64_TO_32_BIT_CONVERSION = YES;
				GCC_WARN_ABOUT_RETURN_TYPE = YES_ERROR;
				GCC_WARN_UNDECLARED_SELECTOR = YES;
				GCC_WARN_UNINITIALIZED_AUTOS = YES_AGGRESSIVE;
				GCC_WARN_UNUSED_FUNCTION = YES;
				GCC_WARN_UNUSED_VARIABLE = YES;
				IPHONEOS_DEPLOYMENT_TARGET = 12.1;
				MTL_ENABLE_DEBUG_INFO = INCLUDE_SOURCE;
				MTL_FAST_MATH = YES;
				ONLY_ACTIVE_ARCH = YES;
				SDKROOT = iphoneos;
			};
			name = Debug;
		};
		4C2492B62217E09C00D9E4F0 /* Release */ = {
			isa = XCBuildConfiguration;
			buildSettings = {
				ALWAYS_SEARCH_USER_PATHS = NO;
				CLANG_ANALYZER_NONNULL = YES;
				CLANG_ANALYZER_NUMBER_OBJECT_CONVERSION = YES_AGGRESSIVE;
				CLANG_CXX_LANGUAGE_STANDARD = "gnu++14";
				CLANG_CXX_LIBRARY = "libc++";
				CLANG_ENABLE_MODULES = YES;
				CLANG_ENABLE_OBJC_ARC = YES;
				CLANG_ENABLE_OBJC_WEAK = YES;
				CLANG_WARN_BLOCK_CAPTURE_AUTORELEASING = YES;
				CLANG_WARN_BOOL_CONVERSION = YES;
				CLANG_WARN_COMMA = YES;
				CLANG_WARN_CONSTANT_CONVERSION = YES;
				CLANG_WARN_DEPRECATED_OBJC_IMPLEMENTATIONS = YES;
				CLANG_WARN_DIRECT_OBJC_ISA_USAGE = YES_ERROR;
				CLANG_WARN_DOCUMENTATION_COMMENTS = YES;
				CLANG_WARN_EMPTY_BODY = YES;
				CLANG_WARN_ENUM_CONVERSION = YES;
				CLANG_WARN_INFINITE_RECURSION = YES;
				CLANG_WARN_INT_CONVERSION = YES;
				CLANG_WARN_NON_LITERAL_NULL_CONVERSION = YES;
				CLANG_WARN_OBJC_IMPLICIT_RETAIN_SELF = YES;
				CLANG_WARN_OBJC_LITERAL_CONVERSION = YES;
				CLANG_WARN_OBJC_ROOT_CLASS = YES_ERROR;
				CLANG_WARN_RANGE_LOOP_ANALYSIS = YES;
				CLANG_WARN_STRICT_PROTOTYPES = YES;
				CLANG_WARN_SUSPICIOUS_MOVE = YES;
				CLANG_WARN_UNGUARDED_AVAILABILITY = YES_AGGRESSIVE;
				CLANG_WARN_UNREACHABLE_CODE = YES;
				CLANG_WARN__DUPLICATE_METHOD_MATCH = YES;
				CODE_SIGN_IDENTITY = "iPhone Developer";
				COPY_PHASE_STRIP = NO;
				DEBUG_INFORMATION_FORMAT = "dwarf-with-dsym";
				ENABLE_NS_ASSERTIONS = NO;
				ENABLE_STRICT_OBJC_MSGSEND = YES;
				GCC_C_LANGUAGE_STANDARD = gnu11;
				GCC_NO_COMMON_BLOCKS = YES;
				GCC_WARN_64_TO_32_BIT_CONVERSION = YES;
				GCC_WARN_ABOUT_RETURN_TYPE = YES_ERROR;
				GCC_WARN_UNDECLARED_SELECTOR = YES;
				GCC_WARN_UNINITIALIZED_AUTOS = YES_AGGRESSIVE;
				GCC_WARN_UNUSED_FUNCTION = YES;
				GCC_WARN_UNUSED_VARIABLE = YES;
				IPHONEOS_DEPLOYMENT_TARGET = 12.1;
				MTL_ENABLE_DEBUG_INFO = NO;
				MTL_FAST_MATH = YES;
				SDKROOT = iphoneos;
				VALIDATE_PRODUCT = YES;
			};
			name = Release;
		};
		4C2492B82217E09C00D9E4F0 /* Debug */ = {
			isa = XCBuildConfiguration;
			baseConfigurationReference = E235DF3345612DFB6CFDF543 /* Pods-ourapp.debug.xcconfig */;
			buildSettings = {
				ASSETCATALOG_COMPILER_APPICON_NAME = AppIcon;
				CODE_SIGN_STYLE = Automatic;
				DEVELOPMENT_TEAM = JQJ55SDWUK;
				INFOPLIST_FILE = ourapp/Info.plist;
				LD_RUNPATH_SEARCH_PATHS = (
					"$(inherited)",
					"@executable_path/Frameworks",
				);
				PRODUCT_BUNDLE_IDENTIFIER = gingerdudley.ourapp;
				PRODUCT_NAME = "$(TARGET_NAME)";
				TARGETED_DEVICE_FAMILY = "1,2";
			};
			name = Debug;
		};
		4C2492B92217E09C00D9E4F0 /* Release */ = {
			isa = XCBuildConfiguration;
			baseConfigurationReference = 9165F1B902EC14B919E4252A /* Pods-ourapp.release.xcconfig */;
			buildSettings = {
				ASSETCATALOG_COMPILER_APPICON_NAME = AppIcon;
				CODE_SIGN_STYLE = Automatic;
				DEVELOPMENT_TEAM = JQJ55SDWUK;
				INFOPLIST_FILE = ourapp/Info.plist;
				LD_RUNPATH_SEARCH_PATHS = (
					"$(inherited)",
					"@executable_path/Frameworks",
				);
				PRODUCT_BUNDLE_IDENTIFIER = gingerdudley.ourapp;
				PRODUCT_NAME = "$(TARGET_NAME)";
				TARGETED_DEVICE_FAMILY = "1,2";
			};
			name = Release;
		};
		4C2492BB2217E09C00D9E4F0 /* Debug */ = {
			isa = XCBuildConfiguration;
			baseConfigurationReference = 2FCC785BF9EEE97623008F83 /* Pods-ourappTests.debug.xcconfig */;
			buildSettings = {
				BUNDLE_LOADER = "$(TEST_HOST)";
				CODE_SIGN_STYLE = Automatic;
				INFOPLIST_FILE = ourappTests/Info.plist;
				LD_RUNPATH_SEARCH_PATHS = (
					"$(inherited)",
					"@executable_path/Frameworks",
					"@loader_path/Frameworks",
				);
				PRODUCT_BUNDLE_IDENTIFIER = gingerdudley.ourappTests;
				PRODUCT_NAME = "$(TARGET_NAME)";
				TARGETED_DEVICE_FAMILY = "1,2";
				TEST_HOST = "$(BUILT_PRODUCTS_DIR)/ourapp.app/ourapp";
			};
			name = Debug;
		};
		4C2492BC2217E09C00D9E4F0 /* Release */ = {
			isa = XCBuildConfiguration;
			baseConfigurationReference = A3E8B45E654AD2CD8C99DCCD /* Pods-ourappTests.release.xcconfig */;
			buildSettings = {
				BUNDLE_LOADER = "$(TEST_HOST)";
				CODE_SIGN_STYLE = Automatic;
				INFOPLIST_FILE = ourappTests/Info.plist;
				LD_RUNPATH_SEARCH_PATHS = (
					"$(inherited)",
					"@executable_path/Frameworks",
					"@loader_path/Frameworks",
				);
				PRODUCT_BUNDLE_IDENTIFIER = gingerdudley.ourappTests;
				PRODUCT_NAME = "$(TARGET_NAME)";
				TARGETED_DEVICE_FAMILY = "1,2";
				TEST_HOST = "$(BUILT_PRODUCTS_DIR)/ourapp.app/ourapp";
			};
			name = Release;
		};
		4C2492BE2217E09C00D9E4F0 /* Debug */ = {
			isa = XCBuildConfiguration;
			baseConfigurationReference = 5AE74C792A3010E130FE46BA /* Pods-ourappUITests.debug.xcconfig */;
			buildSettings = {
				CODE_SIGN_STYLE = Automatic;
				INFOPLIST_FILE = ourappUITests/Info.plist;
				LD_RUNPATH_SEARCH_PATHS = (
					"$(inherited)",
					"@executable_path/Frameworks",
					"@loader_path/Frameworks",
				);
				PRODUCT_BUNDLE_IDENTIFIER = gingerdudley.ourappUITests;
				PRODUCT_NAME = "$(TARGET_NAME)";
				TARGETED_DEVICE_FAMILY = "1,2";
				TEST_TARGET_NAME = ourapp;
			};
			name = Debug;
		};
		4C2492BF2217E09C00D9E4F0 /* Release */ = {
			isa = XCBuildConfiguration;
			baseConfigurationReference = DD43540D35D8A22120C055E5 /* Pods-ourappUITests.release.xcconfig */;
			buildSettings = {
				CODE_SIGN_STYLE = Automatic;
				INFOPLIST_FILE = ourappUITests/Info.plist;
				LD_RUNPATH_SEARCH_PATHS = (
					"$(inherited)",
					"@executable_path/Frameworks",
					"@loader_path/Frameworks",
				);
				PRODUCT_BUNDLE_IDENTIFIER = gingerdudley.ourappUITests;
				PRODUCT_NAME = "$(TARGET_NAME)";
				TARGETED_DEVICE_FAMILY = "1,2";
				TEST_TARGET_NAME = ourapp;
			};
			name = Release;
		};
/* End XCBuildConfiguration section */

/* Begin XCConfigurationList section */
		4C2492862217E09B00D9E4F0 /* Build configuration list for PBXProject "ourapp" */ = {
			isa = XCConfigurationList;
			buildConfigurations = (
				4C2492B52217E09C00D9E4F0 /* Debug */,
				4C2492B62217E09C00D9E4F0 /* Release */,
			);
			defaultConfigurationIsVisible = 0;
			defaultConfigurationName = Release;
		};
		4C2492B72217E09C00D9E4F0 /* Build configuration list for PBXNativeTarget "ourapp" */ = {
			isa = XCConfigurationList;
			buildConfigurations = (
				4C2492B82217E09C00D9E4F0 /* Debug */,
				4C2492B92217E09C00D9E4F0 /* Release */,
			);
			defaultConfigurationIsVisible = 0;
			defaultConfigurationName = Release;
		};
		4C2492BA2217E09C00D9E4F0 /* Build configuration list for PBXNativeTarget "ourappTests" */ = {
			isa = XCConfigurationList;
			buildConfigurations = (
				4C2492BB2217E09C00D9E4F0 /* Debug */,
				4C2492BC2217E09C00D9E4F0 /* Release */,
			);
			defaultConfigurationIsVisible = 0;
			defaultConfigurationName = Release;
		};
		4C2492BD2217E09C00D9E4F0 /* Build configuration list for PBXNativeTarget "ourappUITests" */ = {
			isa = XCConfigurationList;
			buildConfigurations = (
				4C2492BE2217E09C00D9E4F0 /* Debug */,
				4C2492BF2217E09C00D9E4F0 /* Release */,
			);
			defaultConfigurationIsVisible = 0;
			defaultConfigurationName = Release;
		};
/* End XCConfigurationList section */
	};
	rootObject = 4C2492832217E09B00D9E4F0 /* Project object */;
}
